
Microsoft Visual Studio Solution File, Format Version 11.00
# Visual Studio 2010
Project("{8BC9CEB8-8B4A-11D0-8D11-00A0C91BC942}") = "Ex_01_Draw", "Ex_01_Draw\Ex_01_Draw.vcxproj", "{5361BAD4-4CDB-425E-9DDE-85AAD71C4560}"
EndProject
Global
	GlobalSection(SolutionConfigurationPlatforms) = preSolution
		Debug|Win32 = Debug|Win32
		Release|Win32 = Release|Win32
	EndGlobalSection
	GlobalSection(ProjectConfigurationPlatforms) = postSolution
		{5361BAD4-4CDB-425E-9DDE-85AAD71C4560}.Debug|Win32.ActiveCfg = Debug|Win32
		{5361BAD4-4CDB-425E-9DDE-85AAD71C4560}.Debug|Win32.Build.0 = Debug|Win32
		{5361BAD4-4CDB-425E-9DDE-85AAD71C4560}.Release|Win32.ActiveCfg = Release|Win32
		{5361BAD4-4CDB-425E-9DDE-85AAD71C4560}.Release|Win32.Build.0 = Release|Win32
	EndGlobalSection
	GlobalSection(SolutionProperties) = preSolution
		HideSolutionNode = FALSE
	EndGlobalSection
EndGlobal
